
Microsoft Visual Studio Solution File, Format Version 12.00
# Visual Studio 15
VisualStudioVersion = 15.0.28307.852
MinimumVisualStudioVersion = 10.0.40219.1
Project("{9A19103F-16F7-4668-BE54-9A1E7A4F7556}") = "CESController_AWSLambda", "CESController_AWSLambda\CESController_AWSLambda.csproj", "{87896BD0-044A-4B5F-BA63-12BD956D8547}"
EndProject
Global
	GlobalSection(SolutionConfigurationPlatforms) = preSolution
		Debug|Any CPU = Debug|Any CPU
		Release|Any CPU = Release|Any CPU
	EndGlobalSection
	GlobalSection(ProjectConfigurationPlatforms) = postSolution
		{87896BD0-044A-4B5F-BA63-12BD956D8547}.Debug|Any CPU.ActiveCfg = Debug|Any CPU
		{87896BD0-044A-4B5F-BA63-12BD956D8547}.Debug|Any CPU.Build.0 = Debug|Any CPU
		{87896BD0-044A-4B5F-BA63-12BD956D8547}.Release|Any CPU.ActiveCfg = Release|Any CPU
		{87896BD0-044A-4B5F-BA63-12BD956D8547}.Release|Any CPU.Build.0 = Release|Any CPU
	EndGlobalSection
	GlobalSection(SolutionProperties) = preSolution
		HideSolutionNode = FALSE
	EndGlobalSection
	GlobalSection(ExtensibilityGlobals) = postSolution
		SolutionGuid = {AA921ED7-3E59-4076-BD32-E3373BF1A0D3}
	EndGlobalSection
EndGlobal
